{
  "name": "@otiai10/too",
  "version": "1.0.0",
  "lockfileVersion": 1,
  "requires": true,
  "dependencies": {
    "lookpath": {
      "version": "0.0.1",
      "resolved": "https://registry.npmjs.org/lookpath/-/lookpath-0.0.1.tgz",
      "integrity": "sha512-q1S39gaK0V/FnA40uf7Zm/zzM03l/l/5rky9+JuYmN4g5cJQvMD0iObDz0ZmcBBiGrAf9OoNpdMTvswjQnUp2w=="
    }
  }
}
